
Microsoft Visual Studio Solution File, Format Version 12.00
# Visual Studio 15
VisualStudioVersion = 15.0.27428.2037
MinimumVisualStudioVersion = 10.0.40219.1
Project("{FAE04EC0-301F-11D3-BF4B-00C04F79EFBC}") = "WebApplication", "WebApplication\WebApplication.csproj", "{CF8F6FE4-E83D-4E2F-8663-40C2BC8B013C}"
EndProject
Project("{FAE04EC0-301F-11D3-BF4B-00C04F79EFBC}") = "ImageService.Communication", "..\ImageService\ImageServer.Communication\ImageService.Communication.csproj", "{6ADA298F-93A6-446D-9D34-CA19BBDDE902}"
EndProject
Project("{FAE04EC0-301F-11D3-BF4B-00C04F79EFBC}") = "ImageService.Infrastructure", "..\ImageService\ImageServer.Infrastructure\ImageService.Infrastructure.csproj", "{6CEBCE64-A174-4FC3-A9F4-6DCA519F45C8}"
EndProject
Project("{FAE04EC0-301F-11D3-BF4B-00C04F79EFBC}") = "ImageService.Logging", "..\ImageService\ImageServer.Logging\ImageService.Logging.csproj", "{6433EAE9-179E-4B63-92F9-7E124E8670CD}"
EndProject
Project("{FAE04EC0-301F-11D3-BF4B-00C04F79EFBC}") = "ImageService", "..\ImageService\ImageService\ImageService.csproj", "{93CB7844-A205-4403-87BB-D5F22FD50D34}"
EndProject
Global
	GlobalSection(SolutionConfigurationPlatforms) = preSolution
		Debug|Any CPU = Debug|Any CPU
		Release|Any CPU = Release|Any CPU
	EndGlobalSection
	GlobalSection(ProjectConfigurationPlatforms) = postSolution
		{CF8F6FE4-E83D-4E2F-8663-40C2BC8B013C}.Debug|Any CPU.ActiveCfg = Debug|Any CPU
		{CF8F6FE4-E83D-4E2F-8663-40C2BC8B013C}.Debug|Any CPU.Build.0 = Debug|Any CPU
		{CF8F6FE4-E83D-4E2F-8663-40C2BC8B013C}.Release|Any CPU.ActiveCfg = Release|Any CPU
		{CF8F6FE4-E83D-4E2F-8663-40C2BC8B013C}.Release|Any CPU.Build.0 = Release|Any CPU
		{6ADA298F-93A6-446D-9D34-CA19BBDDE902}.Debug|Any CPU.ActiveCfg = Debug|Any CPU
		{6ADA298F-93A6-446D-9D34-CA19BBDDE902}.Debug|Any CPU.Build.0 = Debug|Any CPU
		{6ADA298F-93A6-446D-9D34-CA19BBDDE902}.Release|Any CPU.ActiveCfg = Release|Any CPU
		{6ADA298F-93A6-446D-9D34-CA19BBDDE902}.Release|Any CPU.Build.0 = Release|Any CPU
		{6CEBCE64-A174-4FC3-A9F4-6DCA519F45C8}.Debug|Any CPU.ActiveCfg = Debug|Any CPU
		{6CEBCE64-A174-4FC3-A9F4-6DCA519F45C8}.Debug|Any CPU.Build.0 = Debug|Any CPU
		{6CEBCE64-A174-4FC3-A9F4-6DCA519F45C8}.Release|Any CPU.ActiveCfg = Release|Any CPU
		{6CEBCE64-A174-4FC3-A9F4-6DCA519F45C8}.Release|Any CPU.Build.0 = Release|Any CPU
		{6433EAE9-179E-4B63-92F9-7E124E8670CD}.Debug|Any CPU.ActiveCfg = Debug|Any CPU
		{6433EAE9-179E-4B63-92F9-7E124E8670CD}.Debug|Any CPU.Build.0 = Debug|Any CPU
		{6433EAE9-179E-4B63-92F9-7E124E8670CD}.Release|Any CPU.ActiveCfg = Release|Any CPU
		{6433EAE9-179E-4B63-92F9-7E124E8670CD}.Release|Any CPU.Build.0 = Release|Any CPU
		{93CB7844-A205-4403-87BB-D5F22FD50D34}.Debug|Any CPU.ActiveCfg = Debug|Any CPU
		{93CB7844-A205-4403-87BB-D5F22FD50D34}.Debug|Any CPU.Build.0 = Debug|Any CPU
		{93CB7844-A205-4403-87BB-D5F22FD50D34}.Release|Any CPU.ActiveCfg = Release|Any CPU
		{93CB7844-A205-4403-87BB-D5F22FD50D34}.Release|Any CPU.Build.0 = Release|Any CPU
	EndGlobalSection
	GlobalSection(SolutionProperties) = preSolution
		HideSolutionNode = FALSE
	EndGlobalSection
	GlobalSection(ExtensibilityGlobals) = postSolution
		SolutionGuid = {EF5CADE9-F24D-4394-98A3-B33B6CDAEB20}
	EndGlobalSection
EndGlobal
